
Microsoft Visual Studio Solution File, Format Version 12.00
# Visual Studio Version 17
VisualStudioVersion = 17.2.32616.157
MinimumVisualStudioVersion = 10.0.40219.1
Project("{9A19103F-16F7-4668-BE54-9A1E7A4F7556}") = "AlmondDxGraphics", "AlmondDxGraphics\AlmondDxGraphics.csproj", "{CD677B80-F2E1-49F6-B8B0-15773B3B822C}"
EndProject
Project("{9A19103F-16F7-4668-BE54-9A1E7A4F7556}") = "AlmondToolEngine", "AlmondToolEngine\AlmondToolEngine.csproj", "{8B37B3E0-7986-4A4A-A377-0DA48EA73FFE}"
EndProject
Project("{9A19103F-16F7-4668-BE54-9A1E7A4F7556}") = "AlmondTools_Client", "AlmondTools_Client\AlmondTools_Client.csproj", "{82CBF8B5-713E-4BD2-86B6-AD215459D0C5}"
EndProject
Global
	GlobalSection(SolutionConfigurationPlatforms) = preSolution
		Debug|Any CPU = Debug|Any CPU
		Release|Any CPU = Release|Any CPU
	EndGlobalSection
	GlobalSection(ProjectConfigurationPlatforms) = postSolution
		{CD677B80-F2E1-49F6-B8B0-15773B3B822C}.Debug|Any CPU.ActiveCfg = Debug|Any CPU
		{CD677B80-F2E1-49F6-B8B0-15773B3B822C}.Debug|Any CPU.Build.0 = Debug|Any CPU
		{CD677B80-F2E1-49F6-B8B0-15773B3B822C}.Release|Any CPU.ActiveCfg = Release|Any CPU
		{CD677B80-F2E1-49F6-B8B0-15773B3B822C}.Release|Any CPU.Build.0 = Release|Any CPU
		{8B37B3E0-7986-4A4A-A377-0DA48EA73FFE}.Debug|Any CPU.ActiveCfg = Debug|Any CPU
		{8B37B3E0-7986-4A4A-A377-0DA48EA73FFE}.Debug|Any CPU.Build.0 = Debug|Any CPU
		{8B37B3E0-7986-4A4A-A377-0DA48EA73FFE}.Release|Any CPU.ActiveCfg = Release|Any CPU
		{8B37B3E0-7986-4A4A-A377-0DA48EA73FFE}.Release|Any CPU.Build.0 = Release|Any CPU
		{82CBF8B5-713E-4BD2-86B6-AD215459D0C5}.Debug|Any CPU.ActiveCfg = Debug|Any CPU
		{82CBF8B5-713E-4BD2-86B6-AD215459D0C5}.Debug|Any CPU.Build.0 = Debug|Any CPU
		{82CBF8B5-713E-4BD2-86B6-AD215459D0C5}.Release|Any CPU.ActiveCfg = Release|Any CPU
		{82CBF8B5-713E-4BD2-86B6-AD215459D0C5}.Release|Any CPU.Build.0 = Release|Any CPU
	EndGlobalSection
	GlobalSection(SolutionProperties) = preSolution
		HideSolutionNode = FALSE
	EndGlobalSection
	GlobalSection(ExtensibilityGlobals) = postSolution
		SolutionGuid = {B51BEE05-8D8F-4998-B8E7-8E8C329A3518}
	EndGlobalSection
EndGlobal
