<?xml version="1.0" encoding="utf-8"?>
<Project ToolsVersion="4.0" xmlns="http://schemas.microsoft.com/developer/msbuild/2003">
  <ItemGroup>
    <Filter Include="GraphicsEngine">
      <UniqueIdentifier>{a7ea7902-5372-47d6-9108-5a0fbedcff4e}</UniqueIdentifier>
    </Filter>
    <Filter Include="Bases">
      <UniqueIdentifier>{370fe25b-248b-4c3e-bfd9-84d1852137b2}</UniqueIdentifier>
    </Filter>
    <Filter Include="ResourceManager">
      <UniqueIdentifier>{64541969-d37a-484b-b18f-1aa349b3105b}</UniqueIdentifier>
    </Filter>
    <Filter Include="GraphicsEngine\Factory">
      <UniqueIdentifier>{c0685250-5bfa-4590-9259-3a288fed3c56}</UniqueIdentifier>
    </Filter>
    <Filter Include="Define">
      <UniqueIdentifier>{deb64125-9fbe-4405-a137-277ae58ff150}</UniqueIdentifier>
    </Filter>
    <Filter Include="Builder">
      <UniqueIdentifier>{3c9cb0d5-5b8c-4c28-8b05-145ffd876818}</UniqueIdentifier>
    </Filter>
    <Filter Include="Builder\ASEBuilder">
      <UniqueIdentifier>{48d6f30e-9b5c-4b0b-995e-61f6e0a6dacd}</UniqueIdentifier>
    </Filter>
    <Filter Include="Transform">
      <UniqueIdentifier>{2910a3bd-648b-44cd-8157-994751f3a714}</UniqueIdentifier>
    </Filter>
    <Filter Include="Object">
      <UniqueIdentifier>{5203e4a7-25c7-47c1-b0db-006a5dc76850}</UniqueIdentifier>
    </Filter>
    <Filter Include="Object\PBRModel">
      <UniqueIdentifier>{e40dae64-9645-49b3-93d3-dd9cd43be675}</UniqueIdentifier>
    </Filter>
    <Filter Include="Builder\PBRBuilder">
      <UniqueIdentifier>{2a6574db-e82a-4357-ac22-45f6d11d67de}</UniqueIdentifier>
    </Filter>
    <Filter Include="Object\IBLTexture">
      <UniqueIdentifier>{1f917b40-23eb-4b29-97aa-f077e3087b68}</UniqueIdentifier>
    </Filter>
    <Filter Include="Object\Canvas">
      <UniqueIdentifier>{965a3c6a-1b0b-46b5-b7e2-f3ea309c897e}</UniqueIdentifier>
    </Filter>
    <Filter Include="Object\PointLight">
      <UniqueIdentifier>{6845cd81-912a-403f-9b51-75227af6135c}</UniqueIdentifier>
    </Filter>
    <Filter Include="Object\TextUI">
      <UniqueIdentifier>{fc385d52-c854-4eba-8150-35333cd7803f}</UniqueIdentifier>
    </Filter>
    <Filter Include="Object\TextureUI">
      <UniqueIdentifier>{80a4c63c-3af0-4b0e-9f83-4304874e0034}</UniqueIdentifier>
    </Filter>
    <Filter Include="Object\DirectionalLight">
      <UniqueIdentifier>{b7eda652-81c6-487c-9267-60c24b02db54}</UniqueIdentifier>
    </Filter>
  </ItemGroup>
  <ItemGroup>
    <ClCompile Include="GraphicsEngineMain.cpp" />
    <ClCompile Include="GraphicsEngine\GraphicsEngine.cpp">
      <Filter>GraphicsEngine</Filter>
    </ClCompile>
    <ClCompile Include="ResourceManager\ResourceManager.cpp">
      <Filter>ResourceManager</Filter>
    </ClCompile>
    <ClCompile Include="GraphicsEngine\Factory\Factory.cpp">
      <Filter>GraphicsEngine\Factory</Filter>
    </ClCompile>
    <ClCompile Include="Builder\ASEBuilder\ASEBuilder.cpp">
      <Filter>Builder\ASEBuilder</Filter>
    </ClCompile>
    <ClCompile Include="Transform\Transform.cpp">
      <Filter>Transform</Filter>
    </ClCompile>
    <ClCompile Include="Object\PBRModel\PBRModel.cpp">
      <Filter>Object\PBRModel</Filter>
    </ClCompile>
    <ClCompile Include="Builder\PBRBuilder\PBRBuilder.cpp">
      <Filter>Builder\PBRBuilder</Filter>
    </ClCompile>
    <ClCompile Include="Object\Canvas\Canvas.cpp">
      <Filter>Object\Canvas</Filter>
    </ClCompile>
    <ClCompile Include="Object\IBLTexture\IBLTexture.cpp">
      <Filter>Object\IBLTexture</Filter>
    </ClCompile>
    <ClCompile Include="Object\PointLight\PointLight.cpp">
      <Filter>Object\PointLight</Filter>
    </ClCompile>
    <ClCompile Include="Object\TextUI\TextUI.cpp">
      <Filter>Object\TextUI</Filter>
    </ClCompile>
    <ClCompile Include="Object\TextureUI\TextureUI.cpp">
      <Filter>Object\TextureUI</Filter>
    </ClCompile>
    <ClCompile Include="Object\DirectionalLight\DirectionalLight.cpp">
      <Filter>Object\DirectionalLight</Filter>
    </ClCompile>
    <ClCompile Include="Object\SpriteAnimation\SpriteAnimation.cpp" />
    <ClCompile Include="Object\ProgressBar\ProgressBar.cpp" />
    <ClCompile Include="Object\ButtonUI\ButtonUI.cpp" />
    <ClCompile Include="Object\SpriteAnimationUI\SpriteAnimationUI.cpp" />
  </ItemGroup>
  <ItemGroup>
    <ClInclude Include="GraphicsEngineFramework.h" />
    <ClInclude Include="GraphicsEngine\GraphicsEngine.h">
      <Filter>GraphicsEngine</Filter>
    </ClInclude>
    <ClInclude Include="ResourceManager\ResourceManager.h">
      <Filter>ResourceManager</Filter>
    </ClInclude>
    <ClInclude Include="Bases\GraphicsEngineBase.h">
      <Filter>Bases</Filter>
    </ClInclude>
    <ClInclude Include="Bases\FactoryBase.h">
      <Filter>Bases</Filter>
    </ClInclude>
    <ClInclude Include="Bases\BufferBase.h">
      <Filter>Bases</Filter>
    </ClInclude>
    <ClInclude Include="Bases\ObjectBase.h">
      <Filter>Bases</Filter>
    </ClInclude>
    <ClInclude Include="Bases\ShaderBase.h">
      <Filter>Bases</Filter>
    </ClInclude>
    <ClInclude Include="Bases\TextureBase.h">
      <Filter>Bases</Filter>
    </ClInclude>
    <ClInclude Include="GraphicsEngine\Factory\Factory.h">
      <Filter>GraphicsEngine\Factory</Filter>
    </ClInclude>
    <ClInclude Include="Bases\LayoutBase.h">
      <Filter>Bases</Filter>
    </ClInclude>
    <ClInclude Include="Define\GraphicsFormat.h">
      <Filter>Define</Filter>
    </ClInclude>
    <ClInclude Include="Bases\ResourceBase.h">
      <Filter>Bases</Filter>
    </ClInclude>
    <ClInclude Include="Define\GraphicsUsage.h">
      <Filter>Define</Filter>
    </ClInclude>
    <ClInclude Include="Builder\ASEBuilder\ASEBuilder.h">
      <Filter>Builder\ASEBuilder</Filter>
    </ClInclude>
    <ClInclude Include="Bases\AnimationBase.h">
      <Filter>Bases</Filter>
    </ClInclude>
    <ClInclude Include="Bases\HelperBase.h">
      <Filter>Bases</Filter>
    </ClInclude>
    <ClInclude Include="Bases\MaterialBase.h">
      <Filter>Bases</Filter>
    </ClInclude>
    <ClInclude Include="Bases\MeshBase.h">
      <Filter>Bases</Filter>
    </ClInclude>
    <ClInclude Include="Bases\ModelBase.h">
      <Filter>Bases</Filter>
    </ClInclude>
    <ClInclude Include="Bases\PrefabBase.h">
      <Filter>Bases</Filter>
    </ClInclude>
    <ClInclude Include="Bases\ShapeBase.h">
      <Filter>Bases</Filter>
    </ClInclude>
    <ClInclude Include="Bases\BoneBase.h">
      <Filter>Bases</Filter>
    </ClInclude>
    <ClInclude Include="Transform\Transform.h">
      <Filter>Transform</Filter>
    </ClInclude>
    <ClInclude Include="Bases\SamplerBase.h">
      <Filter>Bases</Filter>
    </ClInclude>
    <ClInclude Include="Define\GraphicsFilterOption.h">
      <Filter>Define</Filter>
    </ClInclude>
    <ClInclude Include="Object\PBRModel\PBRModel.h">
      <Filter>Object\PBRModel</Filter>
    </ClInclude>
    <ClInclude Include="Builder\PBRBuilder\PBRBuilder.h">
      <Filter>Builder\PBRBuilder</Filter>
    </ClInclude>
    <ClInclude Include="Bases\LightBase.h">
      <Filter>Bases</Filter>
    </ClInclude>
    <ClInclude Include="Object\Canvas\Canvas.h">
      <Filter>Object\Canvas</Filter>
    </ClInclude>
    <ClInclude Include="Object\IBLTexture\IBLTexture.h">
      <Filter>Object\IBLTexture</Filter>
    </ClInclude>
    <ClInclude Include="Object\PointLight\PointLight.h">
      <Filter>Object\PointLight</Filter>
    </ClInclude>
    <ClInclude Include="Object\TextUI\TextUI.h">
      <Filter>Object\TextUI</Filter>
    </ClInclude>
    <ClInclude Include="Object\TextureUI\TextureUI.h">
      <Filter>Object\TextureUI</Filter>
    </ClInclude>
    <ClInclude Include="Bases\SkyBoxBase.h">
      <Filter>Bases</Filter>
    </ClInclude>
    <ClInclude Include="Bases\UIBase.h">
      <Filter>Bases</Filter>
    </ClInclude>
    <ClInclude Include="Object\DirectionalLight\DirectionalLight.h">
      <Filter>Object\DirectionalLight</Filter>
    </ClInclude>
    <ClInclude Include="Object\SpriteAnimation\SpriteAnimation.h" />
    <ClInclude Include="Object\ProgressBar\ProgressBar.h" />
    <ClInclude Include="Object\ButtonUI\ButtonUI.h" />
    <ClInclude Include="Define\GraphicsTopology.h" />
    <ClInclude Include="Bases\FontBase.h" />
    <ClInclude Include="Object\SpriteAnimationUI\SpriteAnimationUI.h" />
  </ItemGroup>
  <ItemGroup>
    <None Include="README.md" />
  </ItemGroup>
</Project>