
Microsoft Visual Studio Solution File, Format Version 12.00
# Visual Studio Version 16
VisualStudioVersion = 16.0.32510.428
MinimumVisualStudioVersion = 10.0.40219.1
Project("{8BC9CEB8-8B4A-11D0-8D11-00A0C91BC942}") = "HeraclesClient", "HeraclesClient\HeraclesClient.vcxproj", "{3667ADB3-1B43-463F-8758-922576EEE2A8}"
	ProjectSection(ProjectDependencies) = postProject
		{D97F5621-A0BD-4915-9B7E-BDF35283A8CE} = {D97F5621-A0BD-4915-9B7E-BDF35283A8CE}
	EndProjectSection
EndProject
Project("{8BC9CEB8-8B4A-11D0-8D11-00A0C91BC942}") = "DirectX11", "DirectX11\DirectX11.vcxproj", "{BAAC12BE-7B72-4F6D-B3ED-04CD35017284}"
	ProjectSection(ProjectDependencies) = postProject
		{93DF731B-E154-4465-9FB0-B9E0C9A3FFCD} = {93DF731B-E154-4465-9FB0-B9E0C9A3FFCD}
		{ECC47645-B47B-4428-9BFD-8E11542C8B04} = {ECC47645-B47B-4428-9BFD-8E11542C8B04}
	EndProjectSection
EndProject
Project("{8BC9CEB8-8B4A-11D0-8D11-00A0C91BC942}") = "GameEngine", "GameEngine\GameEngine.vcxproj", "{D97F5621-A0BD-4915-9B7E-BDF35283A8CE}"
	ProjectSection(ProjectDependencies) = postProject
		{9365A4A0-A3EB-4B6A-9BC1-0DEE73C55885} = {9365A4A0-A3EB-4B6A-9BC1-0DEE73C55885}
	EndProjectSection
EndProject
Project("{8BC9CEB8-8B4A-11D0-8D11-00A0C91BC942}") = "HeraclesMath", "HeraclesMath\HeraclesMath.vcxproj", "{ECC47645-B47B-4428-9BFD-8E11542C8B04}"
EndProject
Project("{8BC9CEB8-8B4A-11D0-8D11-00A0C91BC942}") = "GraphicsEngine", "GraphicsEngine\GraphicsEngine.vcxproj", "{9365A4A0-A3EB-4B6A-9BC1-0DEE73C55885}"
	ProjectSection(ProjectDependencies) = postProject
		{BAAC12BE-7B72-4F6D-B3ED-04CD35017284} = {BAAC12BE-7B72-4F6D-B3ED-04CD35017284}
	EndProjectSection
EndProject
Project("{8BC9CEB8-8B4A-11D0-8D11-00A0C91BC942}") = "ASEParser", "ASEParser\ASEParser.vcxproj", "{93DF731B-E154-4465-9FB0-B9E0C9A3FFCD}"
EndProject
Project("{2150E333-8FDC-42A3-9474-1A3956D46DE8}") = "Shader", "Shader", "{BF54A318-4273-4E6A-B2F7-20066B765FA8}"
EndProject
Project("{2150E333-8FDC-42A3-9474-1A3956D46DE8}") = "PBRModel", "PBRModel", "{B806060F-0BD7-46FF-884B-894121B3B5EF}"
	ProjectSection(SolutionItems) = preProject
		OutPut\Shader\PBRModel\PBRModelMethod.hlsli = OutPut\Shader\PBRModel\PBRModelMethod.hlsli
		OutPut\Shader\PBRModel\PBRModelPS.hlsl = OutPut\Shader\PBRModel\PBRModelPS.hlsl
		OutPut\Shader\PBRModel\PBRModelTypes.hlsli = OutPut\Shader\PBRModel\PBRModelTypes.hlsli
		OutPut\Shader\PBRModel\PBRModelVS.hlsl = OutPut\Shader\PBRModel\PBRModelVS.hlsl
	EndProjectSection
EndProject
Project("{2150E333-8FDC-42A3-9474-1A3956D46DE8}") = "BasicColor", "BasicColor", "{E42C9CB4-88E0-4255-AA33-6E9D5A1D6C76}"
	ProjectSection(SolutionItems) = preProject
		OutPut\Shader\BasicColor\BasicColorPS.hlsl = OutPut\Shader\BasicColor\BasicColorPS.hlsl
		OutPut\Shader\BasicColor\BasicColorTypes.hlsli = OutPut\Shader\BasicColor\BasicColorTypes.hlsli
		OutPut\Shader\BasicColor\BasicColorVS.hlsl = OutPut\Shader\BasicColor\BasicColorVS.hlsl
	EndProjectSection
EndProject
Project("{2150E333-8FDC-42A3-9474-1A3956D46DE8}") = "BasicModel", "BasicModel", "{8C09E4A1-2F68-409B-B4DB-654E7F669518}"
	ProjectSection(SolutionItems) = preProject
		OutPut\Shader\BasicModel\BasicModelPS.hlsl = OutPut\Shader\BasicModel\BasicModelPS.hlsl
		OutPut\Shader\BasicModel\BasicModelTypes.hlsli = OutPut\Shader\BasicModel\BasicModelTypes.hlsli
		OutPut\Shader\BasicModel\BasicModelVS.hlsl = OutPut\Shader\BasicModel\BasicModelVS.hlsl
	EndProjectSection
EndProject
Project("{2150E333-8FDC-42A3-9474-1A3956D46DE8}") = "DownSampling", "DownSampling", "{79E50517-378D-4933-BE68-17DB75A971C1}"
	ProjectSection(SolutionItems) = preProject
		OutPut\Shader\DownSampling\DownSamplingPS.hlsl = OutPut\Shader\DownSampling\DownSamplingPS.hlsl
	EndProjectSection
EndProject
Project("{2150E333-8FDC-42A3-9474-1A3956D46DE8}") = "GaussianBlur", "GaussianBlur", "{B83A6E74-7D45-4A7F-A70D-FA917903B3BE}"
	ProjectSection(SolutionItems) = preProject
		OutPut\Shader\GaussianBlur\GaussianBlurPS.hlsl = OutPut\Shader\GaussianBlur\GaussianBlurPS.hlsl
	EndProjectSection
EndProject
Project("{2150E333-8FDC-42A3-9474-1A3956D46DE8}") = "LegacyModel", "LegacyModel", "{B44CB6E0-72C7-457F-B814-11E453229634}"
	ProjectSection(SolutionItems) = preProject
		OutPut\Shader\LegacyModel\LegacyModelPS.hlsl = OutPut\Shader\LegacyModel\LegacyModelPS.hlsl
		OutPut\Shader\LegacyModel\LegacyModelTypes.hlsli = OutPut\Shader\LegacyModel\LegacyModelTypes.hlsli
		OutPut\Shader\LegacyModel\LegacyModelVS.hlsl = OutPut\Shader\LegacyModel\LegacyModelVS.hlsl
	EndProjectSection
EndProject
Project("{2150E333-8FDC-42A3-9474-1A3956D46DE8}") = "Line", "Line", "{BFC593AD-E84A-46F6-B7D3-A3D607D8A779}"
	ProjectSection(SolutionItems) = preProject
		OutPut\Shader\Line\LinePS.hlsl = OutPut\Shader\Line\LinePS.hlsl
		OutPut\Shader\Line\LineTypes.hlsli = OutPut\Shader\Line\LineTypes.hlsli
		OutPut\Shader\Line\LineVS.hlsl = OutPut\Shader\Line\LineVS.hlsl
	EndProjectSection
EndProject
Project("{2150E333-8FDC-42A3-9474-1A3956D46DE8}") = "Shadow", "Shadow", "{2423ED97-092F-4CC5-952B-F9B753F79F19}"
	ProjectSection(SolutionItems) = preProject
		OutPut\Shader\Shadow\ShadowPS.hlsl = OutPut\Shader\Shadow\ShadowPS.hlsl
		OutPut\Shader\Shadow\ShadowTypes.hlsli = OutPut\Shader\Shadow\ShadowTypes.hlsli
		OutPut\Shader\Shadow\ShadowVS.hlsl = OutPut\Shader\Shadow\ShadowVS.hlsl
	EndProjectSection
EndProject
Project("{2150E333-8FDC-42A3-9474-1A3956D46DE8}") = "SkinningModel", "SkinningModel", "{D2CE1681-12CA-4B21-9919-B416B828BC01}"
	ProjectSection(SolutionItems) = preProject
		OutPut\Shader\SkinningModel\SkinningModelTypes.hlsli = OutPut\Shader\SkinningModel\SkinningModelTypes.hlsli
		OutPut\Shader\SkinningModel\SkinningModelVS.hlsl = OutPut\Shader\SkinningModel\SkinningModelVS.hlsl
	EndProjectSection
EndProject
Project("{2150E333-8FDC-42A3-9474-1A3956D46DE8}") = "SkyBox", "SkyBox", "{5DE0FD9F-A9A0-4B28-A792-825E7B36692D}"
	ProjectSection(SolutionItems) = preProject
		OutPut\Shader\SkyBox\SkyBoxPS.hlsl = OutPut\Shader\SkyBox\SkyBoxPS.hlsl
		OutPut\Shader\SkyBox\SkyBoxTypes.hlsli = OutPut\Shader\SkyBox\SkyBoxTypes.hlsli
		OutPut\Shader\SkyBox\SkyBoxVS.hlsl = OutPut\Shader\SkyBox\SkyBoxVS.hlsl
	EndProjectSection
EndProject
Project("{2150E333-8FDC-42A3-9474-1A3956D46DE8}") = "Texture2D", "Texture2D", "{A289C496-3746-4E18-AAA8-138DD0A8ECCA}"
	ProjectSection(SolutionItems) = preProject
		OutPut\Shader\Texture2D\Texture2DPS.hlsl = OutPut\Shader\Texture2D\Texture2DPS.hlsl
		OutPut\Shader\Texture2D\Texture2DTypes.hlsli = OutPut\Shader\Texture2D\Texture2DTypes.hlsli
		OutPut\Shader\Texture2D\Texture2DVS.hlsl = OutPut\Shader\Texture2D\Texture2DVS.hlsl
	EndProjectSection
EndProject
Project("{2150E333-8FDC-42A3-9474-1A3956D46DE8}") = "TextureCombine", "TextureCombine", "{EFAF324A-31ED-40DF-83F8-AB488896C995}"
	ProjectSection(SolutionItems) = preProject
		OutPut\Shader\TextureCombine\TextureCombinePS.hlsl = OutPut\Shader\TextureCombine\TextureCombinePS.hlsl
	EndProjectSection
EndProject
Global
	GlobalSection(SolutionConfigurationPlatforms) = preSolution
		Debug|x64 = Debug|x64
		Debug|x86 = Debug|x86
		Release|x64 = Release|x64
		Release|x86 = Release|x86
	EndGlobalSection
	GlobalSection(ProjectConfigurationPlatforms) = postSolution
		{3667ADB3-1B43-463F-8758-922576EEE2A8}.Debug|x64.ActiveCfg = Debug|x64
		{3667ADB3-1B43-463F-8758-922576EEE2A8}.Debug|x64.Build.0 = Debug|x64
		{3667ADB3-1B43-463F-8758-922576EEE2A8}.Debug|x86.ActiveCfg = Debug|Win32
		{3667ADB3-1B43-463F-8758-922576EEE2A8}.Debug|x86.Build.0 = Debug|Win32
		{3667ADB3-1B43-463F-8758-922576EEE2A8}.Release|x64.ActiveCfg = Release|x64
		{3667ADB3-1B43-463F-8758-922576EEE2A8}.Release|x64.Build.0 = Release|x64
		{3667ADB3-1B43-463F-8758-922576EEE2A8}.Release|x86.ActiveCfg = Release|Win32
		{3667ADB3-1B43-463F-8758-922576EEE2A8}.Release|x86.Build.0 = Release|Win32
		{BAAC12BE-7B72-4F6D-B3ED-04CD35017284}.Debug|x64.ActiveCfg = Debug|x64
		{BAAC12BE-7B72-4F6D-B3ED-04CD35017284}.Debug|x64.Build.0 = Debug|x64
		{BAAC12BE-7B72-4F6D-B3ED-04CD35017284}.Debug|x86.ActiveCfg = Debug|Win32
		{BAAC12BE-7B72-4F6D-B3ED-04CD35017284}.Debug|x86.Build.0 = Debug|Win32
		{BAAC12BE-7B72-4F6D-B3ED-04CD35017284}.Release|x64.ActiveCfg = Release|x64
		{BAAC12BE-7B72-4F6D-B3ED-04CD35017284}.Release|x64.Build.0 = Release|x64
		{BAAC12BE-7B72-4F6D-B3ED-04CD35017284}.Release|x86.ActiveCfg = Release|Win32
		{BAAC12BE-7B72-4F6D-B3ED-04CD35017284}.Release|x86.Build.0 = Release|Win32
		{D97F5621-A0BD-4915-9B7E-BDF35283A8CE}.Debug|x64.ActiveCfg = Debug|x64
		{D97F5621-A0BD-4915-9B7E-BDF35283A8CE}.Debug|x64.Build.0 = Debug|x64
		{D97F5621-A0BD-4915-9B7E-BDF35283A8CE}.Debug|x86.ActiveCfg = Debug|Win32
		{D97F5621-A0BD-4915-9B7E-BDF35283A8CE}.Debug|x86.Build.0 = Debug|Win32
		{D97F5621-A0BD-4915-9B7E-BDF35283A8CE}.Release|x64.ActiveCfg = Release|x64
		{D97F5621-A0BD-4915-9B7E-BDF35283A8CE}.Release|x64.Build.0 = Release|x64
		{D97F5621-A0BD-4915-9B7E-BDF35283A8CE}.Release|x86.ActiveCfg = Release|Win32
		{D97F5621-A0BD-4915-9B7E-BDF35283A8CE}.Release|x86.Build.0 = Release|Win32
		{ECC47645-B47B-4428-9BFD-8E11542C8B04}.Debug|x64.ActiveCfg = Debug|x64
		{ECC47645-B47B-4428-9BFD-8E11542C8B04}.Debug|x64.Build.0 = Debug|x64
		{ECC47645-B47B-4428-9BFD-8E11542C8B04}.Debug|x86.ActiveCfg = Debug|Win32
		{ECC47645-B47B-4428-9BFD-8E11542C8B04}.Debug|x86.Build.0 = Debug|Win32
		{ECC47645-B47B-4428-9BFD-8E11542C8B04}.Release|x64.ActiveCfg = Release|x64
		{ECC47645-B47B-4428-9BFD-8E11542C8B04}.Release|x64.Build.0 = Release|x64
		{ECC47645-B47B-4428-9BFD-8E11542C8B04}.Release|x86.ActiveCfg = Release|Win32
		{ECC47645-B47B-4428-9BFD-8E11542C8B04}.Release|x86.Build.0 = Release|Win32
		{9365A4A0-A3EB-4B6A-9BC1-0DEE73C55885}.Debug|x64.ActiveCfg = Debug|x64
		{9365A4A0-A3EB-4B6A-9BC1-0DEE73C55885}.Debug|x64.Build.0 = Debug|x64
		{9365A4A0-A3EB-4B6A-9BC1-0DEE73C55885}.Debug|x86.ActiveCfg = Debug|Win32
		{9365A4A0-A3EB-4B6A-9BC1-0DEE73C55885}.Debug|x86.Build.0 = Debug|Win32
		{9365A4A0-A3EB-4B6A-9BC1-0DEE73C55885}.Release|x64.ActiveCfg = Release|x64
		{9365A4A0-A3EB-4B6A-9BC1-0DEE73C55885}.Release|x64.Build.0 = Release|x64
		{9365A4A0-A3EB-4B6A-9BC1-0DEE73C55885}.Release|x86.ActiveCfg = Release|Win32
		{9365A4A0-A3EB-4B6A-9BC1-0DEE73C55885}.Release|x86.Build.0 = Release|Win32
		{93DF731B-E154-4465-9FB0-B9E0C9A3FFCD}.Debug|x64.ActiveCfg = Debug|x64
		{93DF731B-E154-4465-9FB0-B9E0C9A3FFCD}.Debug|x64.Build.0 = Debug|x64
		{93DF731B-E154-4465-9FB0-B9E0C9A3FFCD}.Debug|x86.ActiveCfg = Debug|Win32
		{93DF731B-E154-4465-9FB0-B9E0C9A3FFCD}.Debug|x86.Build.0 = Debug|Win32
		{93DF731B-E154-4465-9FB0-B9E0C9A3FFCD}.Release|x64.ActiveCfg = Release|x64
		{93DF731B-E154-4465-9FB0-B9E0C9A3FFCD}.Release|x64.Build.0 = Release|x64
		{93DF731B-E154-4465-9FB0-B9E0C9A3FFCD}.Release|x86.ActiveCfg = Release|Win32
		{93DF731B-E154-4465-9FB0-B9E0C9A3FFCD}.Release|x86.Build.0 = Release|Win32
	EndGlobalSection
	GlobalSection(SolutionProperties) = preSolution
		HideSolutionNode = FALSE
	EndGlobalSection
	GlobalSection(NestedProjects) = preSolution
		{B806060F-0BD7-46FF-884B-894121B3B5EF} = {BF54A318-4273-4E6A-B2F7-20066B765FA8}
		{E42C9CB4-88E0-4255-AA33-6E9D5A1D6C76} = {BF54A318-4273-4E6A-B2F7-20066B765FA8}
		{8C09E4A1-2F68-409B-B4DB-654E7F669518} = {BF54A318-4273-4E6A-B2F7-20066B765FA8}
		{79E50517-378D-4933-BE68-17DB75A971C1} = {BF54A318-4273-4E6A-B2F7-20066B765FA8}
		{B83A6E74-7D45-4A7F-A70D-FA917903B3BE} = {BF54A318-4273-4E6A-B2F7-20066B765FA8}
		{B44CB6E0-72C7-457F-B814-11E453229634} = {BF54A318-4273-4E6A-B2F7-20066B765FA8}
		{BFC593AD-E84A-46F6-B7D3-A3D607D8A779} = {BF54A318-4273-4E6A-B2F7-20066B765FA8}
		{2423ED97-092F-4CC5-952B-F9B753F79F19} = {BF54A318-4273-4E6A-B2F7-20066B765FA8}
		{D2CE1681-12CA-4B21-9919-B416B828BC01} = {BF54A318-4273-4E6A-B2F7-20066B765FA8}
		{5DE0FD9F-A9A0-4B28-A792-825E7B36692D} = {BF54A318-4273-4E6A-B2F7-20066B765FA8}
		{A289C496-3746-4E18-AAA8-138DD0A8ECCA} = {BF54A318-4273-4E6A-B2F7-20066B765FA8}
		{EFAF324A-31ED-40DF-83F8-AB488896C995} = {BF54A318-4273-4E6A-B2F7-20066B765FA8}
	EndGlobalSection
	GlobalSection(ExtensibilityGlobals) = postSolution
		SolutionGuid = {869CF007-D811-4E3B-A5B7-B998A350F805}
	EndGlobalSection
EndGlobal
